
Microsoft Visual Studio Solution File, Format Version 12.00
# Visual Studio 15
VisualStudioVersion = 15.0.27703.2042
MinimumVisualStudioVersion = 10.0.40219.1
Project("{FAE04EC0-301F-11D3-BF4B-00C04F79EFBC}") = "projetTEST0808", "projetTEST0808\projetTEST0808.csproj", "{40C9AA00-39FC-40D6-BB29-096638E9193D}"
EndProject
Global
	GlobalSection(SolutionConfigurationPlatforms) = preSolution
		Debug|Any CPU = Debug|Any CPU
		Release|Any CPU = Release|Any CPU
	EndGlobalSection
	GlobalSection(ProjectConfigurationPlatforms) = postSolution
		{40C9AA00-39FC-40D6-BB29-096638E9193D}.Debug|Any CPU.ActiveCfg = Debug|Any CPU
		{40C9AA00-39FC-40D6-BB29-096638E9193D}.Debug|Any CPU.Build.0 = Debug|Any CPU
		{40C9AA00-39FC-40D6-BB29-096638E9193D}.Release|Any CPU.ActiveCfg = Release|Any CPU
		{40C9AA00-39FC-40D6-BB29-096638E9193D}.Release|Any CPU.Build.0 = Release|Any CPU
	EndGlobalSection
	GlobalSection(SolutionProperties) = preSolution
		HideSolutionNode = FALSE
	EndGlobalSection
	GlobalSection(ExtensibilityGlobals) = postSolution
		SolutionGuid = {5EE9B597-1795-49A0-8273-3656FBD35463}
	EndGlobalSection
EndGlobal
